{
  "name": "scriptchat-bot",
  "version": "0.1.0",
  "lockfileVersion": 1,
  "requires": true,
  "dependencies": {
    "node-fetch": {
      "version": "2.6.0",
      "resolved": "https://registry.npmjs.org/node-fetch/-/node-fetch-2.6.0.tgz",
      "integrity": "sha512-8dG4H5ujfvFiqDmVu9fQ5bOHUC15JMjMY/Zumv26oOvvVJjM67KF8koCWIabKQ1GJIa9r2mMZscBq/TbdOcmNA=="
    },
    "validate-slack-request": {
      "version": "0.1.4",
      "resolved": "https://registry.npmjs.org/validate-slack-request/-/validate-slack-request-0.1.4.tgz",
      "integrity": "sha512-YnSx3Bxfwc6tx6sfTm88qLFgfuV6G3ryLc5IeUdf1B1w8eCJeU/v6aK+7U1zYY10Uf2VYkHooQrE6zIdhzJENg=="
    }
  }
}
